
Microsoft Visual Studio Solution File, Format Version 12.00
# Visual Studio Version 17
VisualStudioVersion = 17.14.36414.22 d17.14
MinimumVisualStudioVersion = 10.0.40219.1
Project("{FAE04EC0-301F-11D3-BF4B-00C04F79EFBC}") = "HashiCorpIntegration", "HashiCorpIntegration\HashiCorpIntegration.csproj", "{2FF3EFB9-6313-4631-8F56-D73DA6158167}"
EndProject
Global
	GlobalSection(SolutionConfigurationPlatforms) = preSolution
		Debug|Any CPU = Debug|Any CPU
		Release|Any CPU = Release|Any CPU
	EndGlobalSection
	GlobalSection(ProjectConfigurationPlatforms) = postSolution
		{2FF3EFB9-6313-4631-8F56-D73DA6158167}.Debug|Any CPU.ActiveCfg = Debug|Any CPU
		{2FF3EFB9-6313-4631-8F56-D73DA6158167}.Debug|Any CPU.Build.0 = Debug|Any CPU
		{2FF3EFB9-6313-4631-8F56-D73DA6158167}.Release|Any CPU.ActiveCfg = Release|Any CPU
		{2FF3EFB9-6313-4631-8F56-D73DA6158167}.Release|Any CPU.Build.0 = Release|Any CPU
	EndGlobalSection
	GlobalSection(SolutionProperties) = preSolution
		HideSolutionNode = FALSE
	EndGlobalSection
	GlobalSection(ExtensibilityGlobals) = postSolution
		SolutionGuid = {5E955EB2-8188-4559-BE5C-CF606477BB43}
	EndGlobalSection
EndGlobal
